dj-database-url==0.4.1
dj-search-url==0.1
Django==1.8.3
django-cache-url==1.0.0
django-configurations==1.0
-e git://github.com/civictechto/django-councilmatic@eaa5e9a5a8afeb3989302c3782e8c87534b7c3ee#egg=django_councilmatic-origin_HEAD
django-haystack==2.4.1
elasticsearch==1.9.0
gunicorn==19.5.0
invoke==0.12.2
newrelic==2.64.0.48
psycopg2==2.6.1
pysolr==3.3.2
python-dateutil==2.4.2
pytz==2015.4
requests==2.7.0
six==1.10.0
urllib3==1.15.1
wheel==0.24.0
whitenoise==3.1
